
Microsoft Visual Studio Solution File, Format Version 12.00
# Visual Studio 15
VisualStudioVersion = 15.0.26430.16
MinimumVisualStudioVersion = 10.0.40219.1
Project("{FAE04EC0-301F-11D3-BF4B-00C04F79EFBC}") = "Test", "Test\Test.csproj", "{BCC2BD0C-81A8-4BB5-9CD5-C44929FFAEA5}"
EndProject
Project("{FAE04EC0-301F-11D3-BF4B-00C04F79EFBC}") = "ImaginCrud.Security.IdentityServer.Api", "ImaginCrud.Security.IdentityServer.Api\ImaginCrud.Security.IdentityServer.Api.csproj", "{C144C1E3-04CF-4347-9000-F035E0AE3152}"
EndProject
Project("{FAE04EC0-301F-11D3-BF4B-00C04F79EFBC}") = "ImaginCrud.Security.IdentityServer", "ImaginCrud.Security.IdentityServer\ImaginCrud.Security.IdentityServer.csproj", "{7F8F6615-5E06-4650-9553-27D53D274B50}"
EndProject
Global
	GlobalSection(SolutionConfigurationPlatforms) = preSolution
		Debug|Any CPU = Debug|Any CPU
		Release|Any CPU = Release|Any CPU
	EndGlobalSection
	GlobalSection(ProjectConfigurationPlatforms) = postSolution
		{BCC2BD0C-81A8-4BB5-9CD5-C44929FFAEA5}.Debug|Any CPU.ActiveCfg = Debug|Any CPU
		{BCC2BD0C-81A8-4BB5-9CD5-C44929FFAEA5}.Debug|Any CPU.Build.0 = Debug|Any CPU
		{BCC2BD0C-81A8-4BB5-9CD5-C44929FFAEA5}.Release|Any CPU.ActiveCfg = Release|Any CPU
		{BCC2BD0C-81A8-4BB5-9CD5-C44929FFAEA5}.Release|Any CPU.Build.0 = Release|Any CPU
		{C144C1E3-04CF-4347-9000-F035E0AE3152}.Debug|Any CPU.ActiveCfg = Debug|Any CPU
		{C144C1E3-04CF-4347-9000-F035E0AE3152}.Debug|Any CPU.Build.0 = Debug|Any CPU
		{C144C1E3-04CF-4347-9000-F035E0AE3152}.Release|Any CPU.ActiveCfg = Release|Any CPU
		{C144C1E3-04CF-4347-9000-F035E0AE3152}.Release|Any CPU.Build.0 = Release|Any CPU
		{7F8F6615-5E06-4650-9553-27D53D274B50}.Debug|Any CPU.ActiveCfg = Debug|Any CPU
		{7F8F6615-5E06-4650-9553-27D53D274B50}.Debug|Any CPU.Build.0 = Debug|Any CPU
		{7F8F6615-5E06-4650-9553-27D53D274B50}.Release|Any CPU.ActiveCfg = Release|Any CPU
		{7F8F6615-5E06-4650-9553-27D53D274B50}.Release|Any CPU.Build.0 = Release|Any CPU
	EndGlobalSection
	GlobalSection(SolutionProperties) = preSolution
		HideSolutionNode = FALSE
	EndGlobalSection
EndGlobal
